
Microsoft Visual Studio Solution File, Format Version 12.00
# Visual Studio Version 17
VisualStudioVersion = 17.11.35327.3
MinimumVisualStudioVersion = 10.0.40219.1
Project("{FAE04EC0-301F-11D3-BF4B-00C04F79EFBC}") = "Concurrency", "Concurrency\Concurrency.csproj", "{FA069C56-0D0D-4CD1-867D-44DF118C0746}"
EndProject
Global
	GlobalSection(SolutionConfigurationPlatforms) = preSolution
		Debug|Any CPU = Debug|Any CPU
		Release|Any CPU = Release|Any CPU
	EndGlobalSection
	GlobalSection(ProjectConfigurationPlatforms) = postSolution
		{FA069C56-0D0D-4CD1-867D-44DF118C0746}.Debug|Any CPU.ActiveCfg = Debug|Any CPU
		{FA069C56-0D0D-4CD1-867D-44DF118C0746}.Debug|Any CPU.Build.0 = Debug|Any CPU
		{FA069C56-0D0D-4CD1-867D-44DF118C0746}.Release|Any CPU.ActiveCfg = Release|Any CPU
		{FA069C56-0D0D-4CD1-867D-44DF118C0746}.Release|Any CPU.Build.0 = Release|Any CPU
	EndGlobalSection
	GlobalSection(SolutionProperties) = preSolution
		HideSolutionNode = FALSE
	EndGlobalSection
	GlobalSection(ExtensibilityGlobals) = postSolution
		SolutionGuid = {35500012-2D5E-4D7E-A1FE-CBFA8CDF44AF}
	EndGlobalSection
EndGlobal
